
Microsoft Visual Studio Solution File, Format Version 12.00
# Visual Studio Version 17
VisualStudioVersion = 17.0.31521.260
MinimumVisualStudioVersion = 10.0.40219.1
Project("{FAE04EC0-301F-11D3-BF4B-00C04F79EFBC}") = "internalProgram", "internalProgram\internalProgram.csproj", "{BDE2F3DA-659F-4F48-AC0E-BAB8C01A45A6}"
EndProject
Global
	GlobalSection(SolutionConfigurationPlatforms) = preSolution
		Debug|Any CPU = Debug|Any CPU
		Release|Any CPU = Release|Any CPU
	EndGlobalSection
	GlobalSection(ProjectConfigurationPlatforms) = postSolution
		{BDE2F3DA-659F-4F48-AC0E-BAB8C01A45A6}.Debug|Any CPU.ActiveCfg = Debug|Any CPU
		{BDE2F3DA-659F-4F48-AC0E-BAB8C01A45A6}.Debug|Any CPU.Build.0 = Debug|Any CPU
		{BDE2F3DA-659F-4F48-AC0E-BAB8C01A45A6}.Release|Any CPU.ActiveCfg = Release|Any CPU
		{BDE2F3DA-659F-4F48-AC0E-BAB8C01A45A6}.Release|Any CPU.Build.0 = Release|Any CPU
	EndGlobalSection
	GlobalSection(SolutionProperties) = preSolution
		HideSolutionNode = FALSE
	EndGlobalSection
	GlobalSection(ExtensibilityGlobals) = postSolution
		SolutionGuid = {E7E783B1-0B23-4367-AA41-4B1D8DAA6ED3}
	EndGlobalSection
EndGlobal
